# THIS IS AN AUTOGENERATED FILE. DO NOT EDIT THIS FILE DIRECTLY.
# yarn lockfile v1


jszip@2.4.0:
  version "2.4.0"
  resolved "https://registry.npmmirror.com/jszip/-/jszip-2.4.0.tgz#487a93b76c3bffa6cb085cd61eb934eabe2d294f"
  integrity sha512-m+yvNmYfRCaf1gr5YFT5e3fnSqLnE9McbNyRd0fNycsT0HltS19NKc18fh3Lvl/AIW/ovL6/MQ1JnfFg4G3o4A==
  dependencies:
    pako "~0.2.5"

pako@~0.2.5:
  version "0.2.9"
  resolved "https://registry.npmmirror.com/pako/-/pako-0.2.9.tgz#f3f7522f4ef782348da8161bad9ecfd51bf83a75"
  integrity sha512-NUcwaKxUxWrZLpDG+z/xZaCgQITkA/Dv4V/T6bw7VON6l1Xz/VnrBqrYjZQ12TamKHzITTfOEIYUj48y2KXImA==
